
Microsoft Visual Studio Solution File, Format Version 11.00
# Visual Studio 2010
Project("{FAE04EC0-301F-11D3-BF4B-00C04F79EFBC}") = "PartnerSelect", "PartnerSelect\PartnerSelect.csproj", "{EE984D16-F018-4095-BF62-474B12D64614}"
EndProject
Project("{FAE04EC0-301F-11D3-BF4B-00C04F79EFBC}") = "PartnerSelectLib", "PartnerSelectLib\PartnerSelectLib.csproj", "{D9FE0BE7-67B9-4A78-ABC6-346D482D3F16}"
EndProject
Global
	GlobalSection(SolutionConfigurationPlatforms) = preSolution
		Debug|Any CPU = Debug|Any CPU
		Release|Any CPU = Release|Any CPU
	EndGlobalSection
	GlobalSection(ProjectConfigurationPlatforms) = postSolution
		{EE984D16-F018-4095-BF62-474B12D64614}.Debug|Any CPU.ActiveCfg = Debug|Any CPU
		{EE984D16-F018-4095-BF62-474B12D64614}.Debug|Any CPU.Build.0 = Debug|Any CPU
		{EE984D16-F018-4095-BF62-474B12D64614}.Release|Any CPU.ActiveCfg = Release|Any CPU
		{EE984D16-F018-4095-BF62-474B12D64614}.Release|Any CPU.Build.0 = Release|Any CPU
		{D9FE0BE7-67B9-4A78-ABC6-346D482D3F16}.Debug|Any CPU.ActiveCfg = Debug|Any CPU
		{D9FE0BE7-67B9-4A78-ABC6-346D482D3F16}.Debug|Any CPU.Build.0 = Debug|Any CPU
		{D9FE0BE7-67B9-4A78-ABC6-346D482D3F16}.Release|Any CPU.ActiveCfg = Release|Any CPU
		{D9FE0BE7-67B9-4A78-ABC6-346D482D3F16}.Release|Any CPU.Build.0 = Release|Any CPU
	EndGlobalSection
	GlobalSection(SolutionProperties) = preSolution
		HideSolutionNode = FALSE
	EndGlobalSection
EndGlobal
